
Microsoft Visual Studio Solution File, Format Version 12.00
# Visual Studio 15
VisualStudioVersion = 15.0.28307.1062
MinimumVisualStudioVersion = 10.0.40219.1
Project("{FAE04EC0-301F-11D3-BF4B-00C04F79EFBC}") = "Bai5", "Bai5\Bai5.csproj", "{3FB65D2B-F121-4D64-A1CB-F7BA1F02D0D7}"
EndProject
Global
	GlobalSection(SolutionConfigurationPlatforms) = preSolution
		Debug|Any CPU = Debug|Any CPU
		Release|Any CPU = Release|Any CPU
	EndGlobalSection
	GlobalSection(ProjectConfigurationPlatforms) = postSolution
		{3FB65D2B-F121-4D64-A1CB-F7BA1F02D0D7}.Debug|Any CPU.ActiveCfg = Debug|Any CPU
		{3FB65D2B-F121-4D64-A1CB-F7BA1F02D0D7}.Debug|Any CPU.Build.0 = Debug|Any CPU
		{3FB65D2B-F121-4D64-A1CB-F7BA1F02D0D7}.Release|Any CPU.ActiveCfg = Release|Any CPU
		{3FB65D2B-F121-4D64-A1CB-F7BA1F02D0D7}.Release|Any CPU.Build.0 = Release|Any CPU
	EndGlobalSection
	GlobalSection(SolutionProperties) = preSolution
		HideSolutionNode = FALSE
	EndGlobalSection
	GlobalSection(ExtensibilityGlobals) = postSolution
		SolutionGuid = {D9A36BEC-444E-466B-AA43-1068FC710C06}
	EndGlobalSection
EndGlobal
